<?xml version="1.0" encoding="utf-8"?>
<Project ToolsVersion="4.0" xmlns="http://schemas.microsoft.com/developer/msbuild/2003">
  <ItemGroup>
    <Filter Include="Source Files">
      <UniqueIdentifier>{4FC737F1-C7A5-4376-A066-2A32D752A2FF}</UniqueIdentifier>
      <Extensions>cpp;c;cc;cxx;c++;cppm;ixx;def;odl;idl;hpj;bat;asm;asmx</Extensions>
    </Filter>
    <Filter Include="Header Files">
      <UniqueIdentifier>{93995380-89BD-4b04-88EB-625FBE52EBFB}</UniqueIdentifier>
      <Extensions>h;hh;hpp;hxx;h++;hm;inl;inc;ipp;xsd</Extensions>
    </Filter>
    <Filter Include="Resource Files">
      <UniqueIdentifier>{67DA6AB6-F800-4c08-8B7A-83BB121AAD01}</UniqueIdentifier>
      <Extensions>rc;ico;cur;bmp;dlg;rc2;rct;bin;rgs;gif;jpg;jpeg;jpe;resx;tiff;tif;png;wav;mfcribbon-ms</Extensions>
    </Filter>
    <Filter Include="Header Files\structure">
      <UniqueIdentifier>{c11e520d-6b55-434d-8ae8-5d994d19d82d}</UniqueIdentifier>
    </Filter>
    <Filter Include="Header Files\widget">
      <UniqueIdentifier>{22fbe9ae-6327-45cc-99c1-662a60bd35d0}</UniqueIdentifier>
    </Filter>
    <Filter Include="Header Files\widget_componenet">
      <UniqueIdentifier>{37227e04-1554-4dc8-9656-a633e716a4d5}</UniqueIdentifier>
    </Filter>
    <Filter Include="Source Files\structure">
      <UniqueIdentifier>{7bfbdfba-8afa-4b9e-9ef1-256e17a39251}</UniqueIdentifier>
    </Filter>
    <Filter Include="Source Files\widget">
      <UniqueIdentifier>{2d1598b7-faa9-4184-bea7-ba207a851e54}</UniqueIdentifier>
    </Filter>
    <Filter Include="Source Files\widget componenet">
      <UniqueIdentifier>{28167d4a-7435-479c-8701-06232642f66d}</UniqueIdentifier>
    </Filter>
  </ItemGroup>
  <ItemGroup>
    <ClCompile Include="srcs\structure\jgl_shader_handler.cpp">
      <Filter>Source Files</Filter>
    </ClCompile>
    <ClCompile Include="srcs\jgl_algorithm.cpp">
      <Filter>Source Files</Filter>
    </ClCompile>
    <ClCompile Include="srcs\jgl_basics_functions.cpp">
      <Filter>Source Files</Filter>
    </ClCompile>
    <ClCompile Include="srcs\jgl_draw_image.cpp">
      <Filter>Source Files</Filter>
    </ClCompile>
    <ClCompile Include="srcs\jgl_draw_primitive.cpp">
      <Filter>Source Files</Filter>
    </ClCompile>
    <ClCompile Include="srcs\jgl_draw_triangle.cpp">
      <Filter>Source Files</Filter>
    </ClCompile>
    <ClCompile Include="srcs\jgl_file_handler.cpp">
      <Filter>Source Files</Filter>
    </ClCompile>
    <ClCompile Include="srcs\jgl_fps_handler.cpp">
      <Filter>Source Files</Filter>
    </ClCompile>
    <ClCompile Include="srcs\jgl_json_handler.cpp">
      <Filter>Source Files</Filter>
    </ClCompile>
    <ClCompile Include="srcs\jgl_log_handler.cpp">
      <Filter>Source Files</Filter>
    </ClCompile>
    <ClCompile Include="srcs\jgl_operator_cout.cpp">
      <Filter>Source Files</Filter>
    </ClCompile>
    <ClCompile Include="srcs\jgl_privitive_mesh.cpp">
      <Filter>Source Files</Filter>
    </ClCompile>
    <ClCompile Include="srcs\jgl_text.cpp">
      <Filter>Source Files</Filter>
    </ClCompile>
    <ClCompile Include="srcs\shader_content_2D.cpp">
      <Filter>Source Files</Filter>
    </ClCompile>
    <ClCompile Include="srcs\shader_content_3D.cpp">
      <Filter>Source Files</Filter>
    </ClCompile>
    <ClCompile Include="srcs\structure\jgl_application.cpp">
      <Filter>Source Files\structure</Filter>
    </ClCompile>
    <ClCompile Include="srcs\structure\jgl_camera.cpp">
      <Filter>Source Files\structure</Filter>
    </ClCompile>
    <ClCompile Include="srcs\structure\jgl_color.cpp">
      <Filter>Source Files\structure</Filter>
    </ClCompile>
    <ClCompile Include="srcs\structure\jgl_data.cpp">
      <Filter>Source Files\structure</Filter>
    </ClCompile>
    <ClCompile Include="srcs\structure\jgl_engine.cpp">
      <Filter>Source Files\structure</Filter>
    </ClCompile>
    <ClCompile Include="srcs\structure\jgl_glyph.cpp">
      <Filter>Source Files\structure</Filter>
    </ClCompile>
    <ClCompile Include="srcs\structure\jgl_image.cpp">
      <Filter>Source Files\structure</Filter>
    </ClCompile>
    <ClCompile Include="srcs\structure\jgl_keyboard.cpp">
      <Filter>Source Files\structure</Filter>
    </ClCompile>
    <ClCompile Include="srcs\structure\jgl_material.cpp">
      <Filter>Source Files\structure</Filter>
    </ClCompile>
    <ClCompile Include="srcs\structure\jgl_matrix.cpp">
      <Filter>Source Files\structure</Filter>
    </ClCompile>
    <ClCompile Include="srcs\structure\jgl_mesh.cpp">
      <Filter>Source Files\structure</Filter>
    </ClCompile>
    <ClCompile Include="srcs\structure\jgl_mesh_part.cpp">
      <Filter>Source Files\structure</Filter>
    </ClCompile>
    <ClCompile Include="srcs\structure\jgl_mouse.cpp">
      <Filter>Source Files\structure</Filter>
    </ClCompile>
    <ClCompile Include="srcs\structure\jgl_plot.cpp">
      <Filter>Source Files\structure</Filter>
    </ClCompile>
    <ClCompile Include="srcs\structure\jgl_pool.cpp">
      <Filter>Source Files\structure</Filter>
    </ClCompile>
    <ClCompile Include="srcs\structure\jgl_share_object.cpp">
      <Filter>Source Files\structure</Filter>
    </ClCompile>
    <ClCompile Include="srcs\structure\jgl_string.cpp">
      <Filter>Source Files\structure</Filter>
    </ClCompile>
    <ClCompile Include="srcs\structure\jgl_tileset.cpp">
      <Filter>Source Files\structure</Filter>
    </ClCompile>
    <ClCompile Include="srcs\structure\jgl_unique_string.cpp">
      <Filter>Source Files\structure</Filter>
    </ClCompile>
    <ClCompile Include="srcs\structure\jgl_vector2.cpp">
      <Filter>Source Files\structure</Filter>
    </ClCompile>
    <ClCompile Include="srcs\structure\jgl_vector3.cpp">
      <Filter>Source Files\structure</Filter>
    </ClCompile>
    <ClCompile Include="srcs\structure\jgl_vector4.cpp">
      <Filter>Source Files\structure</Filter>
    </ClCompile>
    <ClCompile Include="srcs\structure\jgl_viewport.cpp">
      <Filter>Source Files\structure</Filter>
    </ClCompile>
    <ClCompile Include="srcs\widget\jgl_button.cpp">
      <Filter>Source Files\widget</Filter>
    </ClCompile>
    <ClCompile Include="srcs\widget\jgl_check_box.cpp">
      <Filter>Source Files\widget</Filter>
    </ClCompile>
    <ClCompile Include="srcs\widget\jgl_check_entry.cpp">
      <Filter>Source Files\widget</Filter>
    </ClCompile>
    <ClCompile Include="srcs\widget\jgl_frame.cpp">
      <Filter>Source Files\widget</Filter>
    </ClCompile>
    <ClCompile Include="srcs\widget\jgl_hour_entry.cpp">
      <Filter>Source Files\widget</Filter>
    </ClCompile>
    <ClCompile Include="srcs\widget\jgl_image_label.cpp">
      <Filter>Source Files\widget</Filter>
    </ClCompile>
    <ClCompile Include="srcs\widget\jgl_render_widget.cpp">
      <Filter>Source Files\widget</Filter>
    </ClCompile>
    <ClCompile Include="srcs\widget\jgl_progressive_bar.cpp">
      <Filter>Source Files\widget</Filter>
    </ClCompile>
    <ClCompile Include="srcs\widget\jgl_tab.cpp">
      <Filter>Source Files\widget</Filter>
    </ClCompile>
    <ClCompile Include="srcs\widget\jgl_text_entry.cpp">
      <Filter>Source Files\widget</Filter>
    </ClCompile>
    <ClCompile Include="srcs\widget\jgl_text_label.cpp">
      <Filter>Source Files\widget</Filter>
    </ClCompile>
    <ClCompile Include="srcs\widget\jgl_value_entry.cpp">
      <Filter>Source Files\widget</Filter>
    </ClCompile>
    <ClCompile Include="srcs\widget\jgl_value_label.cpp">
      <Filter>Source Files\widget</Filter>
    </ClCompile>
    <ClCompile Include="srcs\widget\jgl_vscroll_bar.cpp">
      <Filter>Source Files\widget</Filter>
    </ClCompile>
    <ClCompile Include="srcs\widget\jgl_widgets.cpp">
      <Filter>Source Files\widget</Filter>
    </ClCompile>
    <ClCompile Include="srcs\widget\jgl_window.cpp">
      <Filter>Source Files\widget</Filter>
    </ClCompile>
    <ClCompile Include="srcs\widget_component\w_box_component.cpp">
      <Filter>Source Files\widget componenet</Filter>
    </ClCompile>
    <ClCompile Include="srcs\widget_component\w_check_component.cpp">
      <Filter>Source Files\widget componenet</Filter>
    </ClCompile>
    <ClCompile Include="srcs\widget_component\w_component.cpp">
      <Filter>Source Files\widget componenet</Filter>
    </ClCompile>
    <ClCompile Include="srcs\widget_component\w_entry_component.cpp">
      <Filter>Source Files\widget componenet</Filter>
    </ClCompile>
    <ClCompile Include="srcs\widget_component\w_graphical_component.cpp">
      <Filter>Source Files\widget componenet</Filter>
    </ClCompile>
    <ClCompile Include="srcs\widget_component\w_text_component.cpp">
      <Filter>Source Files\widget componenet</Filter>
    </ClCompile>
    <ClCompile Include="srcs\widget_component\w_text_entry_component.cpp">
      <Filter>Source Files\widget componenet</Filter>
    </ClCompile>
    <ClCompile Include="srcs\widget_component\w_textual_component.cpp">
      <Filter>Source Files\widget componenet</Filter>
    </ClCompile>
    <ClCompile Include="srcs\widget_component\w_value_component.cpp">
      <Filter>Source Files\widget componenet</Filter>
    </ClCompile>
    <ClCompile Include="srcs\widget_component\w_value_entry_component.cpp">
      <Filter>Source Files\widget componenet</Filter>
    </ClCompile>
    <ClCompile Include="srcs\widget\jgl_hscrollable_bar.cpp">
      <Filter>Source Files\widget</Filter>
    </ClCompile>
  </ItemGroup>
  <ItemGroup>
    <ClInclude Include="includes\widget\jgl_file_menu.h">
      <Filter>Header Files</Filter>
    </ClInclude>
    <ClInclude Include="includes\jgl.h">
      <Filter>Header Files</Filter>
    </ClInclude>
    <ClInclude Include="includes\jgl_algorithm.h">
      <Filter>Header Files</Filter>
    </ClInclude>
    <ClInclude Include="includes\jgl_basics_functions.h">
      <Filter>Header Files</Filter>
    </ClInclude>
    <ClInclude Include="includes\jgl_define.h">
      <Filter>Header Files</Filter>
    </ClInclude>
    <ClInclude Include="includes\jgl_dirent.h">
      <Filter>Header Files</Filter>
    </ClInclude>
    <ClInclude Include="includes\jgl_draw_image.h">
      <Filter>Header Files</Filter>
    </ClInclude>
    <ClInclude Include="includes\jgl_draw_primitive.h">
      <Filter>Header Files</Filter>
    </ClInclude>
    <ClInclude Include="includes\jgl_enum.h">
      <Filter>Header Files</Filter>
    </ClInclude>
    <ClInclude Include="includes\jgl_file_handler.h">
      <Filter>Header Files</Filter>
    </ClInclude>
    <ClInclude Include="includes\jgl_fps_handler.h">
      <Filter>Header Files</Filter>
    </ClInclude>
    <ClInclude Include="includes\jgl_includes.h">
      <Filter>Header Files</Filter>
    </ClInclude>
    <ClInclude Include="includes\jgl_json_handler.h">
      <Filter>Header Files</Filter>
    </ClInclude>
    <ClInclude Include="includes\jgl_log_handler.h">
      <Filter>Header Files</Filter>
    </ClInclude>
    <ClInclude Include="includes\jgl_network.h">
      <Filter>Header Files</Filter>
    </ClInclude>
    <ClInclude Include="includes\jgl_text.h">
      <Filter>Header Files</Filter>
    </ClInclude>
    <ClInclude Include="includes\structure\jgl_application.h">
      <Filter>Header Files\structure</Filter>
    </ClInclude>
    <ClInclude Include="includes\structure\jgl_array.h">
      <Filter>Header Files\structure</Filter>
    </ClInclude>
    <ClInclude Include="includes\structure\jgl_camera.h">
      <Filter>Header Files\structure</Filter>
    </ClInclude>
    <ClInclude Include="includes\structure\jgl_color.h">
      <Filter>Header Files\structure</Filter>
    </ClInclude>
    <ClInclude Include="includes\structure\jgl_data.h">
      <Filter>Header Files\structure</Filter>
    </ClInclude>
    <ClInclude Include="includes\structure\jgl_engine.h">
      <Filter>Header Files\structure</Filter>
    </ClInclude>
    <ClInclude Include="includes\structure\jgl_geometry.h">
      <Filter>Header Files\structure</Filter>
    </ClInclude>
    <ClInclude Include="includes\structure\jgl_glyph.h">
      <Filter>Header Files\structure</Filter>
    </ClInclude>
    <ClInclude Include="includes\structure\jgl_image.h">
      <Filter>Header Files\structure</Filter>
    </ClInclude>
    <ClInclude Include="includes\structure\jgl_locked_queue.h">
      <Filter>Header Files\structure</Filter>
    </ClInclude>
    <ClInclude Include="includes\structure\jgl_matrix.h">
      <Filter>Header Files\structure</Filter>
    </ClInclude>
    <ClInclude Include="includes\structure\jgl_mesh.h">
      <Filter>Header Files\structure</Filter>
    </ClInclude>
    <ClInclude Include="includes\structure\jgl_perlin.h">
      <Filter>Header Files\structure</Filter>
    </ClInclude>
    <ClInclude Include="includes\structure\jgl_plot.h">
      <Filter>Header Files\structure</Filter>
    </ClInclude>
    <ClInclude Include="includes\structure\jgl_pool.h">
      <Filter>Header Files\structure</Filter>
    </ClInclude>
    <ClInclude Include="includes\structure\jgl_reference_count.h">
      <Filter>Header Files\structure</Filter>
    </ClInclude>
    <ClInclude Include="includes\structure\jgl_share_object.h">
      <Filter>Header Files\structure</Filter>
    </ClInclude>
    <ClInclude Include="includes\structure\jgl_string.h">
      <Filter>Header Files\structure</Filter>
    </ClInclude>
    <ClInclude Include="includes\structure\jgl_system.h">
      <Filter>Header Files\structure</Filter>
    </ClInclude>
    <ClInclude Include="includes\structure\jgl_tileset.h">
      <Filter>Header Files\structure</Filter>
    </ClInclude>
    <ClInclude Include="includes\structure\jgl_unique_string.h">
      <Filter>Header Files\structure</Filter>
    </ClInclude>
    <ClInclude Include="includes\structure\jgl_vector.h">
      <Filter>Header Files\structure</Filter>
    </ClInclude>
    <ClInclude Include="includes\structure\jgl_viewport.h">
      <Filter>Header Files\structure</Filter>
    </ClInclude>
    <ClInclude Include="includes\widget\jgl_button.h">
      <Filter>Header Files\widget</Filter>
    </ClInclude>
    <ClInclude Include="includes\widget\jgl_check_box.h">
      <Filter>Header Files\widget</Filter>
    </ClInclude>
    <ClInclude Include="includes\widget\jgl_check_entry.h">
      <Filter>Header Files\widget</Filter>
    </ClInclude>
    <ClInclude Include="includes\widget\jgl_contener.h">
      <Filter>Header Files\widget</Filter>
    </ClInclude>
    <ClInclude Include="includes\widget\jgl_frame.h">
      <Filter>Header Files\widget</Filter>
    </ClInclude>
    <ClInclude Include="includes\widget\jgl_hour_entry.h">
      <Filter>Header Files\widget</Filter>
    </ClInclude>
    <ClInclude Include="includes\widget\jgl_image_label.h">
      <Filter>Header Files\widget</Filter>
    </ClInclude>
    <ClInclude Include="includes\widget\jgl_progressive_bar.h">
      <Filter>Header Files\widget</Filter>
    </ClInclude>
    <ClInclude Include="includes\widget\jgl_render_widget.h">
      <Filter>Header Files\widget</Filter>
    </ClInclude>
    <ClInclude Include="includes\widget\jgl_sprite_label.h">
      <Filter>Header Files\widget</Filter>
    </ClInclude>
    <ClInclude Include="includes\widget\jgl_tab.h">
      <Filter>Header Files\widget</Filter>
    </ClInclude>
    <ClInclude Include="includes\widget\jgl_text_entry.h">
      <Filter>Header Files\widget</Filter>
    </ClInclude>
    <ClInclude Include="includes\widget\jgl_text_label.h">
      <Filter>Header Files\widget</Filter>
    </ClInclude>
    <ClInclude Include="includes\widget\jgl_value_entry.h">
      <Filter>Header Files\widget</Filter>
    </ClInclude>
    <ClInclude Include="includes\widget\jgl_value_label.h">
      <Filter>Header Files\widget</Filter>
    </ClInclude>
    <ClInclude Include="includes\widget\jgl_vscrollable_bar.h">
      <Filter>Header Files\widget</Filter>
    </ClInclude>
    <ClInclude Include="includes\widget\jgl_widgets.h">
      <Filter>Header Files\widget</Filter>
    </ClInclude>
    <ClInclude Include="includes\widget\jgl_window.h">
      <Filter>Header Files\widget</Filter>
    </ClInclude>
    <ClInclude Include="includes\structure\jgl_network_server.h">
      <Filter>Header Files\structure</Filter>
    </ClInclude>
    <ClInclude Include="includes\structure\jgl_network_message.h">
      <Filter>Header Files\structure</Filter>
    </ClInclude>
    <ClInclude Include="includes\structure\jgl_network_connexion.h">
      <Filter>Header Files\structure</Filter>
    </ClInclude>
    <ClInclude Include="includes\structure\jgl_network_client.h">
      <Filter>Header Files\structure</Filter>
    </ClInclude>
    <ClInclude Include="includes\widget_component\jgl_widget_component.h">
      <Filter>Header Files\widget_componenet</Filter>
    </ClInclude>
    <ClInclude Include="includes\widget\jgl_hscrollable_bar.h">
      <Filter>Header Files\widget</Filter>
    </ClInclude>
  </ItemGroup>
</Project>